
Microsoft Visual Studio Solution File, Format Version 12.00
# Visual Studio 2013
VisualStudioVersion = 12.0.31206.0
MinimumVisualStudioVersion = 10.0.40219.1
Project("{FAE04EC0-301F-11D3-BF4B-00C04F79EFBC}") = "Microbrewit.Api", "MicrobrewitApi\Microbrewit.Api.csproj", "{5F9484CA-694F-4DDF-BFA8-81359E14EFC8}"
EndProject
Project("{FAE04EC0-301F-11D3-BF4B-00C04F79EFBC}") = "Microbrewit.Model", "MicrobrewitModel\Microbrewit.Model.csproj", "{A7BE6B77-35E4-4164-8F31-DB0F21451D3D}"
EndProject
Project("{FAE04EC0-301F-11D3-BF4B-00C04F79EFBC}") = "Microbrewit.Repository", "Repository\Microbrewit.Repository.csproj", "{D3423798-4770-435C-9FDC-82AD33C35B61}"
EndProject
Project("{FAE04EC0-301F-11D3-BF4B-00C04F79EFBC}") = "Microbrewit.Test", "Microbrewit.Test\Microbrewit.Test.csproj", "{D10274AE-CEE7-4516-881D-02563713C4AB}"
EndProject
Project("{FAE04EC0-301F-11D3-BF4B-00C04F79EFBC}") = "Microbrewit.Service", "Microbrewit.Service\Microbrewit.Service.csproj", "{576495EB-393A-4FCC-A672-2FC2AC3B04DD}"
EndProject
Global
	GlobalSection(SolutionConfigurationPlatforms) = preSolution
		Debug|Any CPU = Debug|Any CPU
		Release|Any CPU = Release|Any CPU
	EndGlobalSection
	GlobalSection(ProjectConfigurationPlatforms) = postSolution
		{5F9484CA-694F-4DDF-BFA8-81359E14EFC8}.Debug|Any CPU.ActiveCfg = Debug|Any CPU
		{5F9484CA-694F-4DDF-BFA8-81359E14EFC8}.Debug|Any CPU.Build.0 = Debug|Any CPU
		{5F9484CA-694F-4DDF-BFA8-81359E14EFC8}.Release|Any CPU.ActiveCfg = Release|Any CPU
		{5F9484CA-694F-4DDF-BFA8-81359E14EFC8}.Release|Any CPU.Build.0 = Release|Any CPU
		{A7BE6B77-35E4-4164-8F31-DB0F21451D3D}.Debug|Any CPU.ActiveCfg = Debug|Any CPU
		{A7BE6B77-35E4-4164-8F31-DB0F21451D3D}.Debug|Any CPU.Build.0 = Debug|Any CPU
		{A7BE6B77-35E4-4164-8F31-DB0F21451D3D}.Release|Any CPU.ActiveCfg = Release|Any CPU
		{A7BE6B77-35E4-4164-8F31-DB0F21451D3D}.Release|Any CPU.Build.0 = Release|Any CPU
		{D3423798-4770-435C-9FDC-82AD33C35B61}.Debug|Any CPU.ActiveCfg = Debug|Any CPU
		{D3423798-4770-435C-9FDC-82AD33C35B61}.Debug|Any CPU.Build.0 = Debug|Any CPU
		{D3423798-4770-435C-9FDC-82AD33C35B61}.Release|Any CPU.ActiveCfg = Release|Any CPU
		{D3423798-4770-435C-9FDC-82AD33C35B61}.Release|Any CPU.Build.0 = Release|Any CPU
		{D10274AE-CEE7-4516-881D-02563713C4AB}.Debug|Any CPU.ActiveCfg = Debug|Any CPU
		{D10274AE-CEE7-4516-881D-02563713C4AB}.Debug|Any CPU.Build.0 = Debug|Any CPU
		{D10274AE-CEE7-4516-881D-02563713C4AB}.Release|Any CPU.ActiveCfg = Release|Any CPU
		{D10274AE-CEE7-4516-881D-02563713C4AB}.Release|Any CPU.Build.0 = Release|Any CPU
		{576495EB-393A-4FCC-A672-2FC2AC3B04DD}.Debug|Any CPU.ActiveCfg = Debug|Any CPU
		{576495EB-393A-4FCC-A672-2FC2AC3B04DD}.Debug|Any CPU.Build.0 = Debug|Any CPU
		{576495EB-393A-4FCC-A672-2FC2AC3B04DD}.Release|Any CPU.ActiveCfg = Release|Any CPU
		{576495EB-393A-4FCC-A672-2FC2AC3B04DD}.Release|Any CPU.Build.0 = Release|Any CPU
	EndGlobalSection
	GlobalSection(SolutionProperties) = preSolution
		HideSolutionNode = FALSE
	EndGlobalSection
EndGlobal
